
Microsoft Visual Studio Solution File, Format Version 12.00
# Visual Studio Version 16
VisualStudioVersion = 16.0.30011.22
MinimumVisualStudioVersion = 10.0.40219.1
Project("{9A19103F-16F7-4668-BE54-9A1E7A4F7556}") = "WebApi", "WebApi.csproj", "{B93C32CD-97C3-40E1-B21C-E18F718980F1}"
EndProject
Global
	GlobalSection(SolutionConfigurationPlatforms) = preSolution
		Debug|Any CPU = Debug|Any CPU
		Release|Any CPU = Release|Any CPU
	EndGlobalSection
	GlobalSection(ProjectConfigurationPlatforms) = postSolution
		{B93C32CD-97C3-40E1-B21C-E18F718980F1}.Debug|Any CPU.ActiveCfg = Debug|Any CPU
		{B93C32CD-97C3-40E1-B21C-E18F718980F1}.Debug|Any CPU.Build.0 = Debug|Any CPU
		{B93C32CD-97C3-40E1-B21C-E18F718980F1}.Release|Any CPU.ActiveCfg = Release|Any CPU
		{B93C32CD-97C3-40E1-B21C-E18F718980F1}.Release|Any CPU.Build.0 = Release|Any CPU
	EndGlobalSection
	GlobalSection(SolutionProperties) = preSolution
		HideSolutionNode = FALSE
	EndGlobalSection
	GlobalSection(ExtensibilityGlobals) = postSolution
		SolutionGuid = {BC85D24A-E728-429F-8C9A-67B29D72E0DA}
	EndGlobalSection
EndGlobal
